<?xml version="1.0" encoding="utf-8"?>
<Project ToolsVersion="4.0" xmlns="http://schemas.microsoft.com/developer/msbuild/2003">
  <ItemGroup>
    <Filter Include="Source Files">
      <UniqueIdentifier>{4FC737F1-C7A5-4376-A066-2A32D752A2FF}</UniqueIdentifier>
      <Extensions>cpp;c;cc;cxx;def;odl;idl;hpj;bat;asm;asmx</Extensions>
    </Filter>
    <Filter Include="Header Files">
      <UniqueIdentifier>{93995380-89BD-4b04-88EB-625FBE52EBFB}</UniqueIdentifier>
      <Extensions>h;hh;hpp;hxx;hm;inl;inc;xsd</Extensions>
    </Filter>
    <Filter Include="Resource Files">
      <UniqueIdentifier>{67DA6AB6-F800-4c08-8B7A-83BB121AAD01}</UniqueIdentifier>
      <Extensions>qrc;rc;ico;cur;bmp;dlg;rc2;rct;bin;rgs;gif;jpg;jpeg;jpe;resx;tiff;tif;png;wav;mfcribbon-ms</Extensions>
    </Filter>
    <Filter Include="Form Files">
      <UniqueIdentifier>{99349809-55BA-4b9d-BF79-8FDBB0286EB3}</UniqueIdentifier>
      <Extensions>ui</Extensions>
    </Filter>
    <Filter Include="Translation Files">
      <UniqueIdentifier>{639EADAA-A684-42e4-A9AD-28FC9BCB8F7C}</UniqueIdentifier>
      <Extensions>ts</Extensions>
    </Filter>
    <Filter Include="Config Files">
      <UniqueIdentifier>{8a45cbe8-9d85-4957-8a88-3472d84037c5}</UniqueIdentifier>
    </Filter>
  </ItemGroup>
  <ItemGroup>
    <QtRcc Include="ReplateWidget.qrc">
      <Filter>Resource Files</Filter>
    </QtRcc>
    <QtMoc Include="ReplateWidget.h">
      <Filter>Header Files</Filter>
    </QtMoc>
    <ClCompile Include="ReplateWidget.cpp">
      <Filter>Source Files</Filter>
    </ClCompile>
  </ItemGroup>
  <ItemGroup>
    <ClCompile Include="main.cpp">
      <Filter>Source Files</Filter>
    </ClCompile>
    <ClCompile Include="QtStartSelector.cpp">
      <Filter>Source Files</Filter>
    </ClCompile>
    <ClCompile Include="MLDataManager.cpp">
      <Filter>Source Files</Filter>
    </ClCompile>
    <ClCompile Include="MLUtil.cpp">
      <Filter>Source Files</Filter>
    </ClCompile>
    <ClCompile Include="Step1Widget.cpp">
      <Filter>Source Files</Filter>
    </ClCompile>
    <ClCompile Include="Step2Widget.cpp">
      <Filter>Source Files</Filter>
    </ClCompile>
    <ClCompile Include="MLStep1Data.cpp">
      <Filter>Source Files</Filter>
    </ClCompile>
    <ClCompile Include="MLStep2Data.cpp">
      <Filter>Source Files</Filter>
    </ClCompile>
  </ItemGroup>
  <ItemGroup>
    <QtMoc Include="QtStartSelector.h">
      <Filter>Header Files</Filter>
    </QtMoc>
    <QtMoc Include="Step1Widget.h">
      <Filter>Header Files</Filter>
    </QtMoc>
    <QtMoc Include="Step2Widget.h">
      <Filter>Header Files</Filter>
    </QtMoc>
  </ItemGroup>
  <ItemGroup>
    <QtUic Include="QtStartSelector.ui">
      <Filter>Form Files</Filter>
    </QtUic>
    <QtUic Include="ReplateWidget.ui">
      <Filter>Form Files</Filter>
    </QtUic>
    <QtUic Include="Step1Widget.ui">
      <Filter>Form Files</Filter>
    </QtUic>
    <QtUic Include="Step2Widget.ui">
      <Filter>Form Files</Filter>
    </QtUic>
  </ItemGroup>
  <ItemGroup>
    <ClInclude Include="MLDataManager.h">
      <Filter>Header Files</Filter>
    </ClInclude>
    <ClInclude Include="MLUtil.h">
      <Filter>Header Files</Filter>
    </ClInclude>
    <ClInclude Include="MLConfigManager.h">
      <Filter>Header Files</Filter>
    </ClInclude>
    <ClInclude Include="MLStep1Data.h">
      <Filter>Header Files</Filter>
    </ClInclude>
    <ClInclude Include="MLStep2Data.h">
      <Filter>Header Files</Filter>
    </ClInclude>
    <ClInclude Include="MLPythonWarpper.h">
      <Filter>Header Files</Filter>
    </ClInclude>
  </ItemGroup>
  <ItemGroup>
    <None Include="packages.config" />
    <None Include="config.yaml">
      <Filter>Config Files</Filter>
    </None>
  </ItemGroup>
</Project>