<?xml version="1.0" encoding="utf-8"?>
<Project ToolsVersion="4.0" xmlns="http://schemas.microsoft.com/developer/msbuild/2003">
  <ItemGroup>
    <Filter Include="Source Files">
      <UniqueIdentifier>{4FC737F1-C7A5-4376-A066-2A32D752A2FF}</UniqueIdentifier>
      <Extensions>cpp;c;cc;cxx;def;odl;idl;hpj;bat;asm;asmx</Extensions>
    </Filter>
    <Filter Include="Header Files">
      <UniqueIdentifier>{93995380-89BD-4b04-88EB-625FBE52EBFB}</UniqueIdentifier>
      <Extensions>h;hh;hpp;hxx;hm;inl;inc;xsd</Extensions>
    </Filter>
    <Filter Include="Resource Files">
      <UniqueIdentifier>{67DA6AB6-F800-4c08-8B7A-83BB121AAD01}</UniqueIdentifier>
      <Extensions>qrc;rc;ico;cur;bmp;dlg;rc2;rct;bin;rgs;gif;jpg;jpeg;jpe;resx;tiff;tif;png;wav;mfcribbon-ms</Extensions>
    </Filter>
    <Filter Include="Form Files">
      <UniqueIdentifier>{99349809-55BA-4b9d-BF79-8FDBB0286EB3}</UniqueIdentifier>
      <Extensions>ui</Extensions>
    </Filter>
    <Filter Include="Translation Files">
      <UniqueIdentifier>{639EADAA-A684-42e4-A9AD-28FC9BCB8F7C}</UniqueIdentifier>
      <Extensions>ts</Extensions>
    </Filter>
    <Filter Include="Config Files">
      <UniqueIdentifier>{8a45cbe8-9d85-4957-8a88-3472d84037c5}</UniqueIdentifier>
    </Filter>
  </ItemGroup>
  <ItemGroup>
    <QtRcc Include="ReplateWidget.qrc">
      <Filter>Resource Files</Filter>
    </QtRcc>
    <QtMoc Include="ReplateWidget.h">
      <Filter>Header Files</Filter>
    </QtMoc>
    <ClCompile Include="ReplateWidget.cpp">
      <Filter>Source Files</Filter>
    </ClCompile>
    <QtRcc Include="shared.qrc">
      <Filter>Resource Files</Filter>
    </QtRcc>
  </ItemGroup>
  <ItemGroup>
    <ClCompile Include="main.cpp">
      <Filter>Source Files</Filter>
    </ClCompile>
    <ClCompile Include="MLDataManager.cpp">
      <Filter>Source Files</Filter>
    </ClCompile>
    <ClCompile Include="MLUtil.cpp">
      <Filter>Source Files</Filter>
    </ClCompile>
    <ClCompile Include="Step1Widget.cpp">
      <Filter>Source Files</Filter>
    </ClCompile>
    <ClCompile Include="MLCacheTrajectories.cpp">
      <Filter>Source Files</Filter>
    </ClCompile>
    <ClCompile Include="MLCacheStitching.cpp">
      <Filter>Source Files</Filter>
    </ClCompile>
    <ClCompile Include="Step2Widget.cpp">
      <Filter>Source Files</Filter>
    </ClCompile>
    <ClCompile Include="StitcherCV2.cpp">
      <Filter>Source Files</Filter>
    </ClCompile>
    <ClCompile Include="StitcherSsfm.cpp">
      <Filter>Source Files</Filter>
    </ClCompile>
    <ClCompile Include="Step3Widget.cpp">
      <Filter>Source Files</Filter>
    </ClCompile>
    <ClCompile Include="Step4Widget.cpp">
      <Filter>Source Files</Filter>
    </ClCompile>
    <ClCompile Include="MLCachePlatesConfig.cpp">
      <Filter>Source Files</Filter>
    </ClCompile>
    <ClCompile Include="GInterval.cpp">
      <Filter>Source Files</Filter>
    </ClCompile>
    <ClCompile Include="GEffect.cpp">
      <Filter>Source Files</Filter>
    </ClCompile>
    <ClCompile Include="GEffectManager.cpp">
      <Filter>Source Files</Filter>
    </ClCompile>
    <ClCompile Include="GTimelineEx.cpp">
      <Filter>Source Files</Filter>
    </ClCompile>
    <ClCompile Include="GTimelineWidget.cpp">
      <Filter>Source Files</Filter>
    </ClCompile>
    <ClCompile Include="GResultDisplay.cpp">
      <Filter>Source Files</Filter>
    </ClCompile>
    <ClCompile Include="GBaseWidget.cpp">
      <Filter>Source Files</Filter>
    </ClCompile>
    <ClCompile Include="GKalman.cpp">
      <Filter>Source Files</Filter>
    </ClCompile>
    <ClCompile Include="GVideoPlayer.cpp">
      <Filter>Source Files</Filter>
    </ClCompile>
    <ClCompile Include="arthurstyle.cpp">
      <Filter>Source Files</Filter>
    </ClCompile>
    <ClCompile Include="GObjLayer.cpp">
      <Filter>Source Files</Filter>
    </ClCompile>
    <ClCompile Include="GTracking.cpp">
      <Filter>Source Files</Filter>
    </ClCompile>
    <ClCompile Include="GPictureLabel.cpp">
      <Filter>Source Files</Filter>
    </ClCompile>
    <ClCompile Include="GRoi.cpp">
      <Filter>Source Files</Filter>
    </ClCompile>
    <ClCompile Include="GPath.cpp">
      <Filter>Source Files</Filter>
    </ClCompile>
    <ClCompile Include="GUtil.cpp">
      <Filter>Source Files</Filter>
    </ClCompile>
    <ClCompile Include="arthurwidgets.cpp">
      <Filter>Source Files</Filter>
    </ClCompile>
    <ClCompile Include="GMainDisplay.cpp">
      <Filter>Source Files</Filter>
    </ClCompile>
    <ClCompile Include="GPathTracker.cpp">
      <Filter>Source Files</Filter>
    </ClCompile>
    <ClCompile Include="MLCacheFlow.cpp">
      <Filter>Source Files</Filter>
    </ClCompile>
  </ItemGroup>
  <ItemGroup>
    <QtMoc Include="Step1Widget.h">
      <Filter>Header Files</Filter>
    </QtMoc>
    <QtMoc Include="Step2Widget.h">
      <Filter>Header Files</Filter>
    </QtMoc>
    <QtMoc Include="Step3Widget.h">
      <Filter>Header Files</Filter>
    </QtMoc>
    <QtMoc Include="Step4Widget.h">
      <Filter>Header Files</Filter>
    </QtMoc>
    <QtMoc Include="GInterval.h">
      <Filter>Header Files</Filter>
    </QtMoc>
    <QtMoc Include="GTimelineEx.h">
      <Filter>Header Files</Filter>
    </QtMoc>
    <QtMoc Include="GTimelineWidget.h">
      <Filter>Header Files</Filter>
    </QtMoc>
    <QtMoc Include="GResultDisplay.h">
      <Filter>Header Files</Filter>
    </QtMoc>
    <QtMoc Include="GBaseWidget.h">
      <Filter>Header Files</Filter>
    </QtMoc>
    <QtMoc Include="GVideoPlayer.h">
      <Filter>Header Files</Filter>
    </QtMoc>
    <QtMoc Include="GObjLayer.h">
      <Filter>Header Files</Filter>
    </QtMoc>
    <QtMoc Include="arthurwidgets.h">
      <Filter>Header Files</Filter>
    </QtMoc>
    <QtMoc Include="GMainDisplay.h">
      <Filter>Header Files</Filter>
    </QtMoc>
    <QtMoc Include="StepWidgetBase.h">
      <Filter>Header Files</Filter>
    </QtMoc>
  </ItemGroup>
  <ItemGroup>
    <QtUic Include="ReplateWidget.ui">
      <Filter>Form Files</Filter>
    </QtUic>
    <QtUic Include="Step1Widget.ui">
      <Filter>Form Files</Filter>
    </QtUic>
    <QtUic Include="Step2Widget.ui">
      <Filter>Form Files</Filter>
    </QtUic>
    <QtUic Include="Step3Widget.ui">
      <Filter>Form Files</Filter>
    </QtUic>
    <QtUic Include="Step4Widget.ui">
      <Filter>Form Files</Filter>
    </QtUic>
    <QtUic Include="GControlWidget.ui">
      <Filter>Form Files</Filter>
    </QtUic>
    <QtUic Include="GResultWidget.ui">
      <Filter>Form Files</Filter>
    </QtUic>
  </ItemGroup>
  <ItemGroup>
    <ClInclude Include="MLDataManager.h">
      <Filter>Header Files</Filter>
    </ClInclude>
    <ClInclude Include="MLUtil.h">
      <Filter>Header Files</Filter>
    </ClInclude>
    <ClInclude Include="MLConfigManager.h">
      <Filter>Header Files</Filter>
    </ClInclude>
    <ClInclude Include="MLCacheTrajectories.h">
      <Filter>Header Files</Filter>
    </ClInclude>
    <ClInclude Include="MLCacheStitching.h">
      <Filter>Header Files</Filter>
    </ClInclude>
    <ClInclude Include="MLPythonWarpper.h">
      <Filter>Header Files</Filter>
    </ClInclude>
    <ClInclude Include="MLDataStructure.h">
      <Filter>Header Files</Filter>
    </ClInclude>
    <ClInclude Include="StitcherCV2.h">
      <Filter>Header Files</Filter>
    </ClInclude>
    <ClInclude Include="StitcherBase.h">
      <Filter>Header Files</Filter>
    </ClInclude>
    <ClInclude Include="StitcherSsfm.h">
      <Filter>Header Files</Filter>
    </ClInclude>
    <ClInclude Include="MLCachePlatesConfig.h">
      <Filter>Header Files</Filter>
    </ClInclude>
    <ClInclude Include="GEffect.h">
      <Filter>Header Files</Filter>
    </ClInclude>
    <ClInclude Include="GEffectCommon.h">
      <Filter>Header Files</Filter>
    </ClInclude>
    <ClInclude Include="GEffectManager.h">
      <Filter>Header Files</Filter>
    </ClInclude>
    <ClInclude Include="GKalman.h">
      <Filter>Header Files</Filter>
    </ClInclude>
    <ClInclude Include="arthurstyle.h">
      <Filter>Header Files</Filter>
    </ClInclude>
    <ClInclude Include="GTracking.h">
      <Filter>Header Files</Filter>
    </ClInclude>
    <ClInclude Include="GPictureLabel.h">
      <Filter>Header Files</Filter>
    </ClInclude>
    <ClInclude Include="GRoi.h">
      <Filter>Header Files</Filter>
    </ClInclude>
    <ClInclude Include="GPath.h">
      <Filter>Header Files</Filter>
    </ClInclude>
    <ClInclude Include="GUtil.h">
      <Filter>Header Files</Filter>
    </ClInclude>
    <ClInclude Include="GPathTracker.h">
      <Filter>Header Files</Filter>
    </ClInclude>
    <ClInclude Include="MLCacheFlow.h">
      <Filter>Header Files</Filter>
    </ClInclude>
  </ItemGroup>
  <ItemGroup>
    <None Include="packages.config" />
    <None Include="config.yaml">
      <Filter>Config Files</Filter>
    </None>
  </ItemGroup>
</Project>