<?xml version="1.0" encoding="utf-8"?>
<Project ToolsVersion="4.0" xmlns="http://schemas.microsoft.com/developer/msbuild/2003">
  <ItemGroup>
    <Filter Include="Source Files">
      <UniqueIdentifier>{4FC737F1-C7A5-4376-A066-2A32D752A2FF}</UniqueIdentifier>
      <Extensions>cpp;c;cc;cxx;c++;cppm;ixx;def;odl;idl;hpj;bat;asm;asmx</Extensions>
    </Filter>
    <Filter Include="Header Files">
      <UniqueIdentifier>{93995380-89BD-4b04-88EB-625FBE52EBFB}</UniqueIdentifier>
      <Extensions>h;hh;hpp;hxx;h++;hm;inl;inc;ipp;xsd</Extensions>
    </Filter>
    <Filter Include="Resource Files">
      <UniqueIdentifier>{67DA6AB6-F800-4c08-8B7A-83BB121AAD01}</UniqueIdentifier>
      <Extensions>rc;ico;cur;bmp;dlg;rc2;rct;bin;rgs;gif;jpg;jpeg;jpe;resx;tiff;tif;png;wav;mfcribbon-ms</Extensions>
    </Filter>
    <Filter Include="Polynomial">
      <UniqueIdentifier>{9b966d18-ce93-46e9-a45b-7a25a9db9961}</UniqueIdentifier>
    </Filter>
  </ItemGroup>
  <ItemGroup>
    <ClInclude Include="so3.hpp">
      <Filter>Header Files</Filter>
    </ClInclude>
    <ClInclude Include="SfmCommon.h">
      <Filter>Header Files</Filter>
    </ClInclude>
    <ClInclude Include="SparseDetectorTracker.h">
      <Filter>Header Files</Filter>
    </ClInclude>
    <ClInclude Include="SphericalSfm.h">
      <Filter>Header Files</Filter>
    </ClInclude>
    <ClInclude Include="SfmUtils.hpp">
      <Filter>Header Files</Filter>
    </ClInclude>
    <ClInclude Include="EstimatorBase.h">
      <Filter>Header Files</Filter>
    </ClInclude>
    <ClInclude Include="EstimatorSpherical.h">
      <Filter>Header Files</Filter>
    </ClInclude>
    <ClInclude Include="EstimatorFast.h">
      <Filter>Header Files</Filter>
    </ClInclude>
    <ClInclude Include="Polynomial\Polynomial.hpp">
      <Filter>Polynomial</Filter>
    </ClInclude>
    <ClInclude Include="Polynomial\PolynomialInternal.hpp">
      <Filter>Polynomial</Filter>
    </ClInclude>
    <ClInclude Include="SphericalUtils.h">
      <Filter>Header Files</Filter>
    </ClInclude>
    <ClInclude Include="rotation_averaging.h">
      <Filter>Header Files</Filter>
    </ClInclude>
    <ClInclude Include="sfm.h">
      <Filter>Header Files</Filter>
    </ClInclude>
    <ClInclude Include="SfmIO.hpp">
      <Filter>Header Files</Filter>
    </ClInclude>
    <ClInclude Include="MLProgressObserverBase.h">
      <Filter>Header Files</Filter>
    </ClInclude>
  </ItemGroup>
  <ItemGroup>
    <None Include="packages.config" />
  </ItemGroup>
  <ItemGroup>
    <ClCompile Include="SphericalSfm.cpp">
      <Filter>Source Files</Filter>
    </ClCompile>
    <ClCompile Include="SparseDetectorTracker.cpp">
      <Filter>Source Files</Filter>
    </ClCompile>
    <ClCompile Include="EstimatorSpherical.cpp">
      <Filter>Source Files</Filter>
    </ClCompile>
    <ClCompile Include="EstimatorFast.cpp">
      <Filter>Source Files</Filter>
    </ClCompile>
    <ClCompile Include="SphericalUtils.cpp">
      <Filter>Source Files</Filter>
    </ClCompile>
    <ClCompile Include="rotation_averaging.cpp">
      <Filter>Source Files</Filter>
    </ClCompile>
    <ClCompile Include="sfm.cpp">
      <Filter>Source Files</Filter>
    </ClCompile>
  </ItemGroup>
</Project>